
Microsoft Visual Studio Solution File, Format Version 12.00
# Visual Studio Version 17
VisualStudioVersion = 17.0.31903.59
MinimumVisualStudioVersion = 10.0.40219.1
Project("{9A19103F-16F7-4668-BE54-9A1E7A4F7556}") = "Ulids", "Ulids\Ulids.csproj", "{3ABC6360-BD5E-4C51-9600-D9237AE26B76}"
EndProject
Project("{FAE04EC0-301F-11D3-BF4B-00C04F79EFBC}") = "Shared", "Shared\Shared.csproj", "{205BD5A7-E730-40D5-B6B7-5A651033D43D}"
EndProject
Global
	GlobalSection(SolutionConfigurationPlatforms) = preSolution
		Debug|Any CPU = Debug|Any CPU
		Release|Any CPU = Release|Any CPU
	EndGlobalSection
	GlobalSection(ProjectConfigurationPlatforms) = postSolution
		{3ABC6360-BD5E-4C51-9600-D9237AE26B76}.Debug|Any CPU.ActiveCfg = Debug|Any CPU
		{3ABC6360-BD5E-4C51-9600-D9237AE26B76}.Debug|Any CPU.Build.0 = Debug|Any CPU
		{3ABC6360-BD5E-4C51-9600-D9237AE26B76}.Release|Any CPU.ActiveCfg = Release|Any CPU
		{3ABC6360-BD5E-4C51-9600-D9237AE26B76}.Release|Any CPU.Build.0 = Release|Any CPU
		{205BD5A7-E730-40D5-B6B7-5A651033D43D}.Debug|Any CPU.ActiveCfg = Debug|Any CPU
		{205BD5A7-E730-40D5-B6B7-5A651033D43D}.Debug|Any CPU.Build.0 = Debug|Any CPU
		{205BD5A7-E730-40D5-B6B7-5A651033D43D}.Release|Any CPU.ActiveCfg = Release|Any CPU
		{205BD5A7-E730-40D5-B6B7-5A651033D43D}.Release|Any CPU.Build.0 = Release|Any CPU
	EndGlobalSection
	GlobalSection(SolutionProperties) = preSolution
		HideSolutionNode = FALSE
	EndGlobalSection
EndGlobal
